
Microsoft Visual Studio Solution File, Format Version 12.00
# Visual Studio 15
VisualStudioVersion = 15.0.26430.6
MinimumVisualStudioVersion = 10.0.40219.1
Project("{FAE04EC0-301F-11D3-BF4B-00C04F79EFBC}") = "MSA2017_lhwa561.Android", "MSA2017_lhwa561\MSA2017_lhwa561.Android\MSA2017_lhwa561.Android.csproj", "{C790C2FF-36FC-488C-89E2-953DC001345C}"
EndProject
Project("{FAE04EC0-301F-11D3-BF4B-00C04F79EFBC}") = "MSA2017_lhwa561", "MSA2017_lhwa561\MSA2017_lhwa561\MSA2017_lhwa561.csproj", "{DFF419A8-7660-4D12-BF84-59897BE76392}"
EndProject
Project("{FAE04EC0-301F-11D3-BF4B-00C04F79EFBC}") = "MSA2017_lhwa561.UWP", "MSA2017_lhwa561\MSA2017_lhwa561.UWP\MSA2017_lhwa561.UWP.csproj", "{7A271476-7DEA-4E7C-A302-5A61742D8153}"
EndProject
Project("{FAE04EC0-301F-11D3-BF4B-00C04F79EFBC}") = "MSA2017_lhwa561.iOS", "MSA2017_lhwa561\MSA2017_lhwa561.iOS\MSA2017_lhwa561.iOS.csproj", "{FC8BB7F6-AF21-4424-A8B5-14F0C09E8FB4}"
EndProject
Global
	GlobalSection(SolutionConfigurationPlatforms) = preSolution
		Ad-Hoc|Any CPU = Ad-Hoc|Any CPU
		Ad-Hoc|ARM = Ad-Hoc|ARM
		Ad-Hoc|iPhone = Ad-Hoc|iPhone
		Ad-Hoc|iPhoneSimulator = Ad-Hoc|iPhoneSimulator
		Ad-Hoc|x64 = Ad-Hoc|x64
		Ad-Hoc|x86 = Ad-Hoc|x86
		AppStore|Any CPU = AppStore|Any CPU
		AppStore|ARM = AppStore|ARM
		AppStore|iPhone = AppStore|iPhone
		AppStore|iPhoneSimulator = AppStore|iPhoneSimulator
		AppStore|x64 = AppStore|x64
		AppStore|x86 = AppStore|x86
		Debug|Any CPU = Debug|Any CPU
		Debug|ARM = Debug|ARM
		Debug|iPhone = Debug|iPhone
		Debug|iPhoneSimulator = Debug|iPhoneSimulator
		Debug|x64 = Debug|x64
		Debug|x86 = Debug|x86
		Release|Any CPU = Release|Any CPU
		Release|ARM = Release|ARM
		Release|iPhone = Release|iPhone
		Release|iPhoneSimulator = Release|iPhoneSimulator
		Release|x64 = Release|x64
		Release|x86 = Release|x86
	EndGlobalSection
	GlobalSection(ProjectConfigurationPlatforms) = postSolution
		{C790C2FF-36FC-488C-89E2-953DC001345C}.Ad-Hoc|Any CPU.ActiveCfg = Release|Any CPU
		{C790C2FF-36FC-488C-89E2-953DC001345C}.Ad-Hoc|Any CPU.Build.0 = Release|Any CPU
		{C790C2FF-36FC-488C-89E2-953DC001345C}.Ad-Hoc|Any CPU.Deploy.0 = Release|Any CPU
		{C790C2FF-36FC-488C-89E2-953DC001345C}.Ad-Hoc|ARM.ActiveCfg = Release|Any CPU
		{C790C2FF-36FC-488C-89E2-953DC001345C}.Ad-Hoc|ARM.Build.0 = Release|Any CPU
		{C790C2FF-36FC-488C-89E2-953DC001345C}.Ad-Hoc|ARM.Deploy.0 = Release|Any CPU
		{C790C2FF-36FC-488C-89E2-953DC001345C}.Ad-Hoc|iPhone.ActiveCfg = Release|Any CPU
		{C790C2FF-36FC-488C-89E2-953DC001345C}.Ad-Hoc|iPhone.Build.0 = Release|Any CPU
		{C790C2FF-36FC-488C-89E2-953DC001345C}.Ad-Hoc|iPhone.Deploy.0 = Release|Any CPU
		{C790C2FF-36FC-488C-89E2-953DC001345C}.Ad-Hoc|iPhoneSimulator.ActiveCfg = Release|Any CPU
		{C790C2FF-36FC-488C-89E2-953DC001345C}.Ad-Hoc|iPhoneSimulator.Build.0 = Release|Any CPU
		{C790C2FF-36FC-488C-89E2-953DC001345C}.Ad-Hoc|iPhoneSimulator.Deploy.0 = Release|Any CPU
		{C790C2FF-36FC-488C-89E2-953DC001345C}.Ad-Hoc|x64.ActiveCfg = Release|Any CPU
		{C790C2FF-36FC-488C-89E2-953DC001345C}.Ad-Hoc|x64.Build.0 = Release|Any CPU
		{C790C2FF-36FC-488C-89E2-953DC001345C}.Ad-Hoc|x64.Deploy.0 = Release|Any CPU
		{C790C2FF-36FC-488C-89E2-953DC001345C}.Ad-Hoc|x86.ActiveCfg = Release|Any CPU
		{C790C2FF-36FC-488C-89E2-953DC001345C}.Ad-Hoc|x86.Build.0 = Release|Any CPU
		{C790C2FF-36FC-488C-89E2-953DC001345C}.Ad-Hoc|x86.Deploy.0 = Release|Any CPU
		{C790C2FF-36FC-488C-89E2-953DC001345C}.AppStore|Any CPU.ActiveCfg = Release|Any CPU
		{C790C2FF-36FC-488C-89E2-953DC001345C}.AppStore|Any CPU.Build.0 = Release|Any CPU
		{C790C2FF-36FC-488C-89E2-953DC001345C}.AppStore|Any CPU.Deploy.0 = Release|Any CPU
		{C790C2FF-36FC-488C-89E2-953DC001345C}.AppStore|ARM.ActiveCfg = Release|Any CPU
		{C790C2FF-36FC-488C-89E2-953DC001345C}.AppStore|ARM.Build.0 = Release|Any CPU
		{C790C2FF-36FC-488C-89E2-953DC001345C}.AppStore|ARM.Deploy.0 = Release|Any CPU
		{C790C2FF-36FC-488C-89E2-953DC001345C}.AppStore|iPhone.ActiveCfg = Release|Any CPU
		{C790C2FF-36FC-488C-89E2-953DC001345C}.AppStore|iPhone.Build.0 = Release|Any CPU
		{C790C2FF-36FC-488C-89E2-953DC001345C}.AppStore|iPhone.Deploy.0 = Release|Any CPU
		{C790C2FF-36FC-488C-89E2-953DC001345C}.AppStore|iPhoneSimulator.ActiveCfg = Release|Any CPU
		{C790C2FF-36FC-488C-89E2-953DC001345C}.AppStore|iPhoneSimulator.Build.0 = Release|Any CPU
		{C790C2FF-36FC-488C-89E2-953DC001345C}.AppStore|iPhoneSimulator.Deploy.0 = Release|Any CPU
		{C790C2FF-36FC-488C-89E2-953DC001345C}.AppStore|x64.ActiveCfg = Release|Any CPU
		{C790C2FF-36FC-488C-89E2-953DC001345C}.AppStore|x64.Build.0 = Release|Any CPU
		{C790C2FF-36FC-488C-89E2-953DC001345C}.AppStore|x64.Deploy.0 = Release|Any CPU
		{C790C2FF-36FC-488C-89E2-953DC001345C}.AppStore|x86.ActiveCfg = Release|Any CPU
		{C790C2FF-36FC-488C-89E2-953DC001345C}.AppStore|x86.Build.0 = Release|Any CPU
		{C790C2FF-36FC-488C-89E2-953DC001345C}.AppStore|x86.Deploy.0 = Release|Any CPU
		{C790C2FF-36FC-488C-89E2-953DC001345C}.Debug|Any CPU.ActiveCfg = Debug|Any CPU
		{C790C2FF-36FC-488C-89E2-953DC001345C}.Debug|Any CPU.Build.0 = Debug|Any CPU
		{C790C2FF-36FC-488C-89E2-953DC001345C}.Debug|Any CPU.Deploy.0 = Debug|Any CPU
		{C790C2FF-36FC-488C-89E2-953DC001345C}.Debug|ARM.ActiveCfg = Debug|Any CPU
		{C790C2FF-36FC-488C-89E2-953DC001345C}.Debug|ARM.Build.0 = Debug|Any CPU
		{C790C2FF-36FC-488C-89E2-953DC001345C}.Debug|ARM.Deploy.0 = Debug|Any CPU
		{C790C2FF-36FC-488C-89E2-953DC001345C}.Debug|iPhone.ActiveCfg = Debug|Any CPU
		{C790C2FF-36FC-488C-89E2-953DC001345C}.Debug|iPhone.Build.0 = Debug|Any CPU
		{C790C2FF-36FC-488C-89E2-953DC001345C}.Debug|iPhone.Deploy.0 = Debug|Any CPU
		{C790C2FF-36FC-488C-89E2-953DC001345C}.Debug|iPhoneSimulator.ActiveCfg = Debug|Any CPU
		{C790C2FF-36FC-488C-89E2-953DC001345C}.Debug|iPhoneSimulator.Build.0 = Debug|Any CPU
		{C790C2FF-36FC-488C-89E2-953DC001345C}.Debug|iPhoneSimulator.Deploy.0 = Debug|Any CPU
		{C790C2FF-36FC-488C-89E2-953DC001345C}.Debug|x64.ActiveCfg = Debug|Any CPU
		{C790C2FF-36FC-488C-89E2-953DC001345C}.Debug|x64.Build.0 = Debug|Any CPU
		{C790C2FF-36FC-488C-89E2-953DC001345C}.Debug|x64.Deploy.0 = Debug|Any CPU
		{C790C2FF-36FC-488C-89E2-953DC001345C}.Debug|x86.ActiveCfg = Debug|Any CPU
		{C790C2FF-36FC-488C-89E2-953DC001345C}.Debug|x86.Build.0 = Debug|Any CPU
		{C790C2FF-36FC-488C-89E2-953DC001345C}.Debug|x86.Deploy.0 = Debug|Any CPU
		{C790C2FF-36FC-488C-89E2-953DC001345C}.Release|Any CPU.ActiveCfg = Release|Any CPU
		{C790C2FF-36FC-488C-89E2-953DC001345C}.Release|Any CPU.Build.0 = Release|Any CPU
		{C790C2FF-36FC-488C-89E2-953DC001345C}.Release|Any CPU.Deploy.0 = Release|Any CPU
		{C790C2FF-36FC-488C-89E2-953DC001345C}.Release|ARM.ActiveCfg = Release|Any CPU
		{C790C2FF-36FC-488C-89E2-953DC001345C}.Release|ARM.Build.0 = Release|Any CPU
		{C790C2FF-36FC-488C-89E2-953DC001345C}.Release|ARM.Deploy.0 = Release|Any CPU
		{C790C2FF-36FC-488C-89E2-953DC001345C}.Release|iPhone.ActiveCfg = Release|Any CPU
		{C790C2FF-36FC-488C-89E2-953DC001345C}.Release|iPhone.Build.0 = Release|Any CPU
		{C790C2FF-36FC-488C-89E2-953DC001345C}.Release|iPhone.Deploy.0 = Release|Any CPU
		{C790C2FF-36FC-488C-89E2-953DC001345C}.Release|iPhoneSimulator.ActiveCfg = Release|Any CPU
		{C790C2FF-36FC-488C-89E2-953DC001345C}.Release|iPhoneSimulator.Build.0 = Release|Any CPU
		{C790C2FF-36FC-488C-89E2-953DC001345C}.Release|iPhoneSimulator.Deploy.0 = Release|Any CPU
		{C790C2FF-36FC-488C-89E2-953DC001345C}.Release|x64.ActiveCfg = Release|Any CPU
		{C790C2FF-36FC-488C-89E2-953DC001345C}.Release|x64.Build.0 = Release|Any CPU
		{C790C2FF-36FC-488C-89E2-953DC001345C}.Release|x64.Deploy.0 = Release|Any CPU
		{C790C2FF-36FC-488C-89E2-953DC001345C}.Release|x86.ActiveCfg = Release|Any CPU
		{C790C2FF-36FC-488C-89E2-953DC001345C}.Release|x86.Build.0 = Release|Any CPU
		{C790C2FF-36FC-488C-89E2-953DC001345C}.Release|x86.Deploy.0 = Release|Any CPU
		{DFF419A8-7660-4D12-BF84-59897BE76392}.Ad-Hoc|Any CPU.ActiveCfg = Release|Any CPU
		{DFF419A8-7660-4D12-BF84-59897BE76392}.Ad-Hoc|Any CPU.Build.0 = Release|Any CPU
		{DFF419A8-7660-4D12-BF84-59897BE76392}.Ad-Hoc|ARM.ActiveCfg = Release|Any CPU
		{DFF419A8-7660-4D12-BF84-59897BE76392}.Ad-Hoc|ARM.Build.0 = Release|Any CPU
		{DFF419A8-7660-4D12-BF84-59897BE76392}.Ad-Hoc|iPhone.ActiveCfg = Release|Any CPU
		{DFF419A8-7660-4D12-BF84-59897BE76392}.Ad-Hoc|iPhone.Build.0 = Release|Any CPU
		{DFF419A8-7660-4D12-BF84-59897BE76392}.Ad-Hoc|iPhoneSimulator.ActiveCfg = Release|Any CPU
		{DFF419A8-7660-4D12-BF84-59897BE76392}.Ad-Hoc|iPhoneSimulator.Build.0 = Release|Any CPU
		{DFF419A8-7660-4D12-BF84-59897BE76392}.Ad-Hoc|x64.ActiveCfg = Release|Any CPU
		{DFF419A8-7660-4D12-BF84-59897BE76392}.Ad-Hoc|x64.Build.0 = Release|Any CPU
		{DFF419A8-7660-4D12-BF84-59897BE76392}.Ad-Hoc|x86.ActiveCfg = Release|Any CPU
		{DFF419A8-7660-4D12-BF84-59897BE76392}.Ad-Hoc|x86.Build.0 = Release|Any CPU
		{DFF419A8-7660-4D12-BF84-59897BE76392}.AppStore|Any CPU.ActiveCfg = Release|Any CPU
		{DFF419A8-7660-4D12-BF84-59897BE76392}.AppStore|Any CPU.Build.0 = Release|Any CPU
		{DFF419A8-7660-4D12-BF84-59897BE76392}.AppStore|ARM.ActiveCfg = Release|Any CPU
		{DFF419A8-7660-4D12-BF84-59897BE76392}.AppStore|ARM.Build.0 = Release|Any CPU
		{DFF419A8-7660-4D12-BF84-59897BE76392}.AppStore|iPhone.ActiveCfg = Release|Any CPU
		{DFF419A8-7660-4D12-BF84-59897BE76392}.AppStore|iPhone.Build.0 = Release|Any CPU
		{DFF419A8-7660-4D12-BF84-59897BE76392}.AppStore|iPhoneSimulator.ActiveCfg = Release|Any CPU
		{DFF419A8-7660-4D12-BF84-59897BE76392}.AppStore|iPhoneSimulator.Build.0 = Release|Any CPU
		{DFF419A8-7660-4D12-BF84-59897BE76392}.AppStore|x64.ActiveCfg = Release|Any CPU
		{DFF419A8-7660-4D12-BF84-59897BE76392}.AppStore|x64.Build.0 = Release|Any CPU
		{DFF419A8-7660-4D12-BF84-59897BE76392}.AppStore|x86.ActiveCfg = Release|Any CPU
		{DFF419A8-7660-4D12-BF84-59897BE76392}.AppStore|x86.Build.0 = Release|Any CPU
		{DFF419A8-7660-4D12-BF84-59897BE76392}.Debug|Any CPU.ActiveCfg = Debug|Any CPU
		{DFF419A8-7660-4D12-BF84-59897BE76392}.Debug|Any CPU.Build.0 = Debug|Any CPU
		{DFF419A8-7660-4D12-BF84-59897BE76392}.Debug|ARM.ActiveCfg = Debug|Any CPU
		{DFF419A8-7660-4D12-BF84-59897BE76392}.Debug|ARM.Build.0 = Debug|Any CPU
		{DFF419A8-7660-4D12-BF84-59897BE76392}.Debug|iPhone.ActiveCfg = Debug|Any CPU
		{DFF419A8-7660-4D12-BF84-59897BE76392}.Debug|iPhone.Build.0 = Debug|Any CPU
		{DFF419A8-7660-4D12-BF84-59897BE76392}.Debug|iPhoneSimulator.ActiveCfg = Debug|Any CPU
		{DFF419A8-7660-4D12-BF84-59897BE76392}.Debug|iPhoneSimulator.Build.0 = Debug|Any CPU
		{DFF419A8-7660-4D12-BF84-59897BE76392}.Debug|x64.ActiveCfg = Debug|Any CPU
		{DFF419A8-7660-4D12-BF84-59897BE76392}.Debug|x64.Build.0 = Debug|Any CPU
		{DFF419A8-7660-4D12-BF84-59897BE76392}.Debug|x86.ActiveCfg = Debug|Any CPU
		{DFF419A8-7660-4D12-BF84-59897BE76392}.Debug|x86.Build.0 = Debug|Any CPU
		{DFF419A8-7660-4D12-BF84-59897BE76392}.Release|Any CPU.ActiveCfg = Release|Any CPU
		{DFF419A8-7660-4D12-BF84-59897BE76392}.Release|Any CPU.Build.0 = Release|Any CPU
		{DFF419A8-7660-4D12-BF84-59897BE76392}.Release|ARM.ActiveCfg = Release|Any CPU
		{DFF419A8-7660-4D12-BF84-59897BE76392}.Release|ARM.Build.0 = Release|Any CPU
		{DFF419A8-7660-4D12-BF84-59897BE76392}.Release|iPhone.ActiveCfg = Release|Any CPU
		{DFF419A8-7660-4D12-BF84-59897BE76392}.Release|iPhone.Build.0 = Release|Any CPU
		{DFF419A8-7660-4D12-BF84-59897BE76392}.Release|iPhoneSimulator.ActiveCfg = Release|Any CPU
		{DFF419A8-7660-4D12-BF84-59897BE76392}.Release|iPhoneSimulator.Build.0 = Release|Any CPU
		{DFF419A8-7660-4D12-BF84-59897BE76392}.Release|x64.ActiveCfg = Release|Any CPU
		{DFF419A8-7660-4D12-BF84-59897BE76392}.Release|x64.Build.0 = Release|Any CPU
		{DFF419A8-7660-4D12-BF84-59897BE76392}.Release|x86.ActiveCfg = Release|Any CPU
		{DFF419A8-7660-4D12-BF84-59897BE76392}.Release|x86.Build.0 = Release|Any CPU
		{7A271476-7DEA-4E7C-A302-5A61742D8153}.Ad-Hoc|Any CPU.ActiveCfg = Release|x86
		{7A271476-7DEA-4E7C-A302-5A61742D8153}.Ad-Hoc|Any CPU.Build.0 = Release|x86
		{7A271476-7DEA-4E7C-A302-5A61742D8153}.Ad-Hoc|Any CPU.Deploy.0 = Release|x86
		{7A271476-7DEA-4E7C-A302-5A61742D8153}.Ad-Hoc|ARM.ActiveCfg = Release|ARM
		{7A271476-7DEA-4E7C-A302-5A61742D8153}.Ad-Hoc|ARM.Build.0 = Release|ARM
		{7A271476-7DEA-4E7C-A302-5A61742D8153}.Ad-Hoc|ARM.Deploy.0 = Release|ARM
		{7A271476-7DEA-4E7C-A302-5A61742D8153}.Ad-Hoc|iPhone.ActiveCfg = Release|x86
		{7A271476-7DEA-4E7C-A302-5A61742D8153}.Ad-Hoc|iPhone.Build.0 = Release|x86
		{7A271476-7DEA-4E7C-A302-5A61742D8153}.Ad-Hoc|iPhone.Deploy.0 = Release|x86
		{7A271476-7DEA-4E7C-A302-5A61742D8153}.Ad-Hoc|iPhoneSimulator.ActiveCfg = Release|x86
		{7A271476-7DEA-4E7C-A302-5A61742D8153}.Ad-Hoc|iPhoneSimulator.Build.0 = Release|x86
		{7A271476-7DEA-4E7C-A302-5A61742D8153}.Ad-Hoc|iPhoneSimulator.Deploy.0 = Release|x86
		{7A271476-7DEA-4E7C-A302-5A61742D8153}.Ad-Hoc|x64.ActiveCfg = Release|x64
		{7A271476-7DEA-4E7C-A302-5A61742D8153}.Ad-Hoc|x64.Build.0 = Release|x64
		{7A271476-7DEA-4E7C-A302-5A61742D8153}.Ad-Hoc|x64.Deploy.0 = Release|x64
		{7A271476-7DEA-4E7C-A302-5A61742D8153}.Ad-Hoc|x86.ActiveCfg = Release|x86
		{7A271476-7DEA-4E7C-A302-5A61742D8153}.Ad-Hoc|x86.Build.0 = Release|x86
		{7A271476-7DEA-4E7C-A302-5A61742D8153}.Ad-Hoc|x86.Deploy.0 = Release|x86
		{7A271476-7DEA-4E7C-A302-5A61742D8153}.AppStore|Any CPU.ActiveCfg = Release|x86
		{7A271476-7DEA-4E7C-A302-5A61742D8153}.AppStore|Any CPU.Build.0 = Release|x86
		{7A271476-7DEA-4E7C-A302-5A61742D8153}.AppStore|Any CPU.Deploy.0 = Release|x86
		{7A271476-7DEA-4E7C-A302-5A61742D8153}.AppStore|ARM.ActiveCfg = Release|ARM
		{7A271476-7DEA-4E7C-A302-5A61742D8153}.AppStore|ARM.Build.0 = Release|ARM
		{7A271476-7DEA-4E7C-A302-5A61742D8153}.AppStore|ARM.Deploy.0 = Release|ARM
		{7A271476-7DEA-4E7C-A302-5A61742D8153}.AppStore|iPhone.ActiveCfg = Release|x86
		{7A271476-7DEA-4E7C-A302-5A61742D8153}.AppStore|iPhone.Build.0 = Release|x86
		{7A271476-7DEA-4E7C-A302-5A61742D8153}.AppStore|iPhone.Deploy.0 = Release|x86
		{7A271476-7DEA-4E7C-A302-5A61742D8153}.AppStore|iPhoneSimulator.ActiveCfg = Release|x86
		{7A271476-7DEA-4E7C-A302-5A61742D8153}.AppStore|iPhoneSimulator.Build.0 = Release|x86
		{7A271476-7DEA-4E7C-A302-5A61742D8153}.AppStore|iPhoneSimulator.Deploy.0 = Release|x86
		{7A271476-7DEA-4E7C-A302-5A61742D8153}.AppStore|x64.ActiveCfg = Release|x64
		{7A271476-7DEA-4E7C-A302-5A61742D8153}.AppStore|x64.Build.0 = Release|x64
		{7A271476-7DEA-4E7C-A302-5A61742D8153}.AppStore|x64.Deploy.0 = Release|x64
		{7A271476-7DEA-4E7C-A302-5A61742D8153}.AppStore|x86.ActiveCfg = Release|x86
		{7A271476-7DEA-4E7C-A302-5A61742D8153}.AppStore|x86.Build.0 = Release|x86
		{7A271476-7DEA-4E7C-A302-5A61742D8153}.AppStore|x86.Deploy.0 = Release|x86
		{7A271476-7DEA-4E7C-A302-5A61742D8153}.Debug|Any CPU.ActiveCfg = Debug|x86
		{7A271476-7DEA-4E7C-A302-5A61742D8153}.Debug|ARM.ActiveCfg = Debug|ARM
		{7A271476-7DEA-4E7C-A302-5A61742D8153}.Debug|ARM.Build.0 = Debug|ARM
		{7A271476-7DEA-4E7C-A302-5A61742D8153}.Debug|ARM.Deploy.0 = Debug|ARM
		{7A271476-7DEA-4E7C-A302-5A61742D8153}.Debug|iPhone.ActiveCfg = Debug|x86
		{7A271476-7DEA-4E7C-A302-5A61742D8153}.Debug|iPhoneSimulator.ActiveCfg = Debug|x86
		{7A271476-7DEA-4E7C-A302-5A61742D8153}.Debug|x64.ActiveCfg = Debug|x64
		{7A271476-7DEA-4E7C-A302-5A61742D8153}.Debug|x64.Build.0 = Debug|x64
		{7A271476-7DEA-4E7C-A302-5A61742D8153}.Debug|x64.Deploy.0 = Debug|x64
		{7A271476-7DEA-4E7C-A302-5A61742D8153}.Debug|x86.ActiveCfg = Debug|x86
		{7A271476-7DEA-4E7C-A302-5A61742D8153}.Debug|x86.Build.0 = Debug|x86
		{7A271476-7DEA-4E7C-A302-5A61742D8153}.Debug|x86.Deploy.0 = Debug|x86
		{7A271476-7DEA-4E7C-A302-5A61742D8153}.Release|Any CPU.ActiveCfg = Release|x86
		{7A271476-7DEA-4E7C-A302-5A61742D8153}.Release|ARM.ActiveCfg = Release|ARM
		{7A271476-7DEA-4E7C-A302-5A61742D8153}.Release|ARM.Build.0 = Release|ARM
		{7A271476-7DEA-4E7C-A302-5A61742D8153}.Release|ARM.Deploy.0 = Release|ARM
		{7A271476-7DEA-4E7C-A302-5A61742D8153}.Release|iPhone.ActiveCfg = Release|x86
		{7A271476-7DEA-4E7C-A302-5A61742D8153}.Release|iPhoneSimulator.ActiveCfg = Release|x86
		{7A271476-7DEA-4E7C-A302-5A61742D8153}.Release|x64.ActiveCfg = Release|x64
		{7A271476-7DEA-4E7C-A302-5A61742D8153}.Release|x64.Build.0 = Release|x64
		{7A271476-7DEA-4E7C-A302-5A61742D8153}.Release|x64.Deploy.0 = Release|x64
		{7A271476-7DEA-4E7C-A302-5A61742D8153}.Release|x86.ActiveCfg = Release|x86
		{7A271476-7DEA-4E7C-A302-5A61742D8153}.Release|x86.Build.0 = Release|x86
		{7A271476-7DEA-4E7C-A302-5A61742D8153}.Release|x86.Deploy.0 = Release|x86
		{FC8BB7F6-AF21-4424-A8B5-14F0C09E8FB4}.Ad-Hoc|Any CPU.ActiveCfg = Ad-Hoc|iPhone
		{FC8BB7F6-AF21-4424-A8B5-14F0C09E8FB4}.Ad-Hoc|ARM.ActiveCfg = Ad-Hoc|iPhone
		{FC8BB7F6-AF21-4424-A8B5-14F0C09E8FB4}.Ad-Hoc|iPhone.ActiveCfg = Ad-Hoc|iPhone
		{FC8BB7F6-AF21-4424-A8B5-14F0C09E8FB4}.Ad-Hoc|iPhone.Build.0 = Ad-Hoc|iPhone
		{FC8BB7F6-AF21-4424-A8B5-14F0C09E8FB4}.Ad-Hoc|iPhoneSimulator.ActiveCfg = Ad-Hoc|iPhoneSimulator
		{FC8BB7F6-AF21-4424-A8B5-14F0C09E8FB4}.Ad-Hoc|iPhoneSimulator.Build.0 = Ad-Hoc|iPhoneSimulator
		{FC8BB7F6-AF21-4424-A8B5-14F0C09E8FB4}.Ad-Hoc|x64.ActiveCfg = Ad-Hoc|iPhone
		{FC8BB7F6-AF21-4424-A8B5-14F0C09E8FB4}.Ad-Hoc|x86.ActiveCfg = Ad-Hoc|iPhone
		{FC8BB7F6-AF21-4424-A8B5-14F0C09E8FB4}.AppStore|Any CPU.ActiveCfg = AppStore|iPhone
		{FC8BB7F6-AF21-4424-A8B5-14F0C09E8FB4}.AppStore|ARM.ActiveCfg = AppStore|iPhone
		{FC8BB7F6-AF21-4424-A8B5-14F0C09E8FB4}.AppStore|iPhone.ActiveCfg = AppStore|iPhone
		{FC8BB7F6-AF21-4424-A8B5-14F0C09E8FB4}.AppStore|iPhone.Build.0 = AppStore|iPhone
		{FC8BB7F6-AF21-4424-A8B5-14F0C09E8FB4}.AppStore|iPhoneSimulator.ActiveCfg = AppStore|iPhoneSimulator
		{FC8BB7F6-AF21-4424-A8B5-14F0C09E8FB4}.AppStore|iPhoneSimulator.Build.0 = AppStore|iPhoneSimulator
		{FC8BB7F6-AF21-4424-A8B5-14F0C09E8FB4}.AppStore|x64.ActiveCfg = AppStore|iPhone
		{FC8BB7F6-AF21-4424-A8B5-14F0C09E8FB4}.AppStore|x86.ActiveCfg = AppStore|iPhone
		{FC8BB7F6-AF21-4424-A8B5-14F0C09E8FB4}.Debug|Any CPU.ActiveCfg = Debug|iPhone
		{FC8BB7F6-AF21-4424-A8B5-14F0C09E8FB4}.Debug|ARM.ActiveCfg = Debug|iPhone
		{FC8BB7F6-AF21-4424-A8B5-14F0C09E8FB4}.Debug|iPhone.ActiveCfg = Debug|iPhone
		{FC8BB7F6-AF21-4424-A8B5-14F0C09E8FB4}.Debug|iPhone.Build.0 = Debug|iPhone
		{FC8BB7F6-AF21-4424-A8B5-14F0C09E8FB4}.Debug|iPhoneSimulator.ActiveCfg = Debug|iPhoneSimulator
		{FC8BB7F6-AF21-4424-A8B5-14F0C09E8FB4}.Debug|iPhoneSimulator.Build.0 = Debug|iPhoneSimulator
		{FC8BB7F6-AF21-4424-A8B5-14F0C09E8FB4}.Debug|x64.ActiveCfg = Debug|iPhone
		{FC8BB7F6-AF21-4424-A8B5-14F0C09E8FB4}.Debug|x86.ActiveCfg = Debug|iPhone
		{FC8BB7F6-AF21-4424-A8B5-14F0C09E8FB4}.Release|Any CPU.ActiveCfg = Release|iPhone
		{FC8BB7F6-AF21-4424-A8B5-14F0C09E8FB4}.Release|ARM.ActiveCfg = Release|iPhone
		{FC8BB7F6-AF21-4424-A8B5-14F0C09E8FB4}.Release|iPhone.ActiveCfg = Release|iPhone
		{FC8BB7F6-AF21-4424-A8B5-14F0C09E8FB4}.Release|iPhone.Build.0 = Release|iPhone
		{FC8BB7F6-AF21-4424-A8B5-14F0C09E8FB4}.Release|iPhoneSimulator.ActiveCfg = Release|iPhoneSimulator
		{FC8BB7F6-AF21-4424-A8B5-14F0C09E8FB4}.Release|iPhoneSimulator.Build.0 = Release|iPhoneSimulator
		{FC8BB7F6-AF21-4424-A8B5-14F0C09E8FB4}.Release|x64.ActiveCfg = Release|iPhone
		{FC8BB7F6-AF21-4424-A8B5-14F0C09E8FB4}.Release|x86.ActiveCfg = Release|iPhone
	EndGlobalSection
	GlobalSection(SolutionProperties) = preSolution
		HideSolutionNode = FALSE
	EndGlobalSection
EndGlobal
